
Microsoft Visual Studio Solution File, Format Version 12.00
# Visual Studio Version 17
VisualStudioVersion = 17.0.31903.59
MinimumVisualStudioVersion = 10.0.40219.1
Project("{2150E333-8FDC-42A3-9474-1A3956D46DE8}") = "src", "src", "{E66C2384-297B-45B6-9BA3-2D90D4FDFF30}"
EndProject
Project("{FAE04EC0-301F-11D3-BF4B-00C04F79EFBC}") = "AuctionService", "src\AuctionService\AuctionService.csproj", "{813CEC58-C9B0-4F72-AA6D-716C7E7D2F4E}"
EndProject
Project("{FAE04EC0-301F-11D3-BF4B-00C04F79EFBC}") = "SearchService", "src\SearchService\SearchService.csproj", "{139C45E7-B24D-4B61-A616-FBE2A148BEEB}"
EndProject
Project("{FAE04EC0-301F-11D3-BF4B-00C04F79EFBC}") = "Contracts", "src\Contracts\Contracts.csproj", "{C2152EB9-8817-4ABD-8E4E-0D3183F61217}"
EndProject
Global
	GlobalSection(SolutionConfigurationPlatforms) = preSolution
		Debug|Any CPU = Debug|Any CPU
		Release|Any CPU = Release|Any CPU
	EndGlobalSection
	GlobalSection(SolutionProperties) = preSolution
		HideSolutionNode = FALSE
	EndGlobalSection
	GlobalSection(ProjectConfigurationPlatforms) = postSolution
		{813CEC58-C9B0-4F72-AA6D-716C7E7D2F4E}.Debug|Any CPU.ActiveCfg = Debug|Any CPU
		{813CEC58-C9B0-4F72-AA6D-716C7E7D2F4E}.Debug|Any CPU.Build.0 = Debug|Any CPU
		{813CEC58-C9B0-4F72-AA6D-716C7E7D2F4E}.Release|Any CPU.ActiveCfg = Release|Any CPU
		{813CEC58-C9B0-4F72-AA6D-716C7E7D2F4E}.Release|Any CPU.Build.0 = Release|Any CPU
		{139C45E7-B24D-4B61-A616-FBE2A148BEEB}.Debug|Any CPU.ActiveCfg = Debug|Any CPU
		{139C45E7-B24D-4B61-A616-FBE2A148BEEB}.Debug|Any CPU.Build.0 = Debug|Any CPU
		{139C45E7-B24D-4B61-A616-FBE2A148BEEB}.Release|Any CPU.ActiveCfg = Release|Any CPU
		{139C45E7-B24D-4B61-A616-FBE2A148BEEB}.Release|Any CPU.Build.0 = Release|Any CPU
		{C2152EB9-8817-4ABD-8E4E-0D3183F61217}.Debug|Any CPU.ActiveCfg = Debug|Any CPU
		{C2152EB9-8817-4ABD-8E4E-0D3183F61217}.Debug|Any CPU.Build.0 = Debug|Any CPU
		{C2152EB9-8817-4ABD-8E4E-0D3183F61217}.Release|Any CPU.ActiveCfg = Release|Any CPU
		{C2152EB9-8817-4ABD-8E4E-0D3183F61217}.Release|Any CPU.Build.0 = Release|Any CPU
	EndGlobalSection
	GlobalSection(NestedProjects) = preSolution
		{813CEC58-C9B0-4F72-AA6D-716C7E7D2F4E} = {E66C2384-297B-45B6-9BA3-2D90D4FDFF30}
		{139C45E7-B24D-4B61-A616-FBE2A148BEEB} = {E66C2384-297B-45B6-9BA3-2D90D4FDFF30}
		{C2152EB9-8817-4ABD-8E4E-0D3183F61217} = {E66C2384-297B-45B6-9BA3-2D90D4FDFF30}
	EndGlobalSection
EndGlobal
